
Microsoft Visual Studio Solution File, Format Version 12.00
# Visual Studio Version 17
VisualStudioVersion = 17.2.32505.173
MinimumVisualStudioVersion = 10.0.40219.1
Project("{9A19103F-16F7-4668-BE54-9A1E7A4F7556}") = "GraphComputer", "GraphComputer\GraphComputer.csproj", "{B2C177B6-97B0-4602-9D0D-4FFAFC1902B2}"
EndProject
Project("{FAE04EC0-301F-11D3-BF4B-00C04F79EFBC}") = "Domain", "Domain\Domain.csproj", "{14F75B38-4D1E-4A73-A585-EE39C1501D9D}"
EndProject
Global
	GlobalSection(SolutionConfigurationPlatforms) = preSolution
		Debug|Any CPU = Debug|Any CPU
		Release|Any CPU = Release|Any CPU
	EndGlobalSection
	GlobalSection(ProjectConfigurationPlatforms) = postSolution
		{B2C177B6-97B0-4602-9D0D-4FFAFC1902B2}.Debug|Any CPU.ActiveCfg = Debug|Any CPU
		{B2C177B6-97B0-4602-9D0D-4FFAFC1902B2}.Debug|Any CPU.Build.0 = Debug|Any CPU
		{B2C177B6-97B0-4602-9D0D-4FFAFC1902B2}.Release|Any CPU.ActiveCfg = Release|Any CPU
		{B2C177B6-97B0-4602-9D0D-4FFAFC1902B2}.Release|Any CPU.Build.0 = Release|Any CPU
		{14F75B38-4D1E-4A73-A585-EE39C1501D9D}.Debug|Any CPU.ActiveCfg = Debug|Any CPU
		{14F75B38-4D1E-4A73-A585-EE39C1501D9D}.Debug|Any CPU.Build.0 = Debug|Any CPU
		{14F75B38-4D1E-4A73-A585-EE39C1501D9D}.Release|Any CPU.ActiveCfg = Release|Any CPU
		{14F75B38-4D1E-4A73-A585-EE39C1501D9D}.Release|Any CPU.Build.0 = Release|Any CPU
	EndGlobalSection
	GlobalSection(SolutionProperties) = preSolution
		HideSolutionNode = FALSE
	EndGlobalSection
	GlobalSection(ExtensibilityGlobals) = postSolution
		SolutionGuid = {87B2AE84-F722-46C3-B610-3CE18C7076F6}
	EndGlobalSection
EndGlobal
